# This file is autogenerated, do not edit; changes may be undone by the next 'dep ensure'.


[[projects]]
  branch = "master"
  name = "golang.org/x/net"
  packages = ["idna","publicsuffix"]
  revision = "c73622c77280266305273cb545f54516ced95b93"

[[projects]]
  branch = "master"
  name = "golang.org/x/text"
  packages = ["collate","collate/build","internal/colltab","internal/gen","internal/tag","internal/triegen","internal/ucd","language","secure/bidirule","transform","unicode/bidi","unicode/cldr","unicode/norm","unicode/rangetable"]
  revision = "3cfc6c0d6bf80d724d98c26c4822f4a35d37598e"

[[projects]]
  name = "gopkg.in/go-resty/resty.v0"
  packages = ["."]
  revision = "cf81ed0a604d373be63b4c036c6b05c06520615f"
  version = "v0.13"

[solve-meta]
  analyzer-name = "dep"
  analyzer-version = 1
  inputs-digest = "e61a8753bfab8e360989833f5f2e900f33d8408c1ddabdf01c9b0b391a1b5f5a"
  solver-name = "gps-cdcl"
  solver-version = 1
